{
  "version": 4,
  "terraform_version": "1.6.2",
  "serial": 52,
  "lineage": "a4499904-c1a8-aad2-9fcf-39999bdb5bea",
  "outputs": {
    "api_arns": {
      "value": [
        "https://enzv4nhsl3.execute-api.us-east-1.amazonaws.com/v1/res1",
        "https://enzv4nhsl3.execute-api.us-east-1.amazonaws.com/v1/res2"
      ],
      "type": [
        "tuple",
        [
          "string",
          "string"
        ]
      ]
    },
    "first_lambda_func_arn": {
      "value": "arn:aws:lambda:us-east-1:721985306445:function:first_lambda_func",
      "type": "string"
    },
    "first_lambda_func_invoke_arn": {
      "value": "arn:aws:apigateway:us-east-1:lambda:path/2015-03-31/functions/arn:aws:lambda:us-east-1:721985306445:function:first_lambda_func/invocations",
      "type": "string"
    }
  },
  "resources": [
    {
      "module": "module.first_lambda_func",
      "mode": "data",
      "type": "archive_file",
      "name": "zip_the_python_code",
      "provider": "provider[\"registry.terraform.io/hashicorp/archive\"]",
      "instances": [
        {
          "schema_version": 0,
          "attributes": {
            "exclude_symlink_directories": null,
            "excludes": null,
            "id": "8de21d47433f55c7b201059f5dca1b2be2344095",
            "output_base64sha256": "l3+W3m1suqoAjVKhoibK5S/BHTd93J6fp0KA9whjBbU=",
            "output_base64sha512": "NFh1i91y0UGAuJivkLbgMCGpwyokrGZUYvyFkESVKt3q6Ei3RvqsyR5wnSDxVxxcfFfR+TnpXWGHGgGPfTH2nw==",
            "output_file_mode": null,
            "output_md5": "fcf8155b6575c4a93d217a75a3d13db0",
            "output_path": "modules/lambda/lambda_zip/first_lambda_func.zip",
            "output_sha": "8de21d47433f55c7b201059f5dca1b2be2344095",
            "output_sha256": "977f96de6d6cbaaa008d52a1a226cae52fc11d377ddc9e9fa74280f7086305b5",
            "output_sha512": "3458758bdd72d14180b898af90b6e03021a9c32a24ac665462fc859044952addeae848b746faacc91e709d20f1571c5c7c57d1f939e95d61871a018f7d31f69f",
            "output_size": 260,
            "source": [],
            "source_content": null,
            "source_content_filename": null,
            "source_dir": "modules/lambda/lambda_code/first_lambda_func/",
            "source_file": null,
            "type": "zip"
          },
          "sensitive_attributes": []
        }
      ]
    },
    {
      "module": "module.first_lambda_func",
      "mode": "managed",
      "type": "aws_lambda_function",
      "name": "lambda_func",
      "provider": "provider[\"registry.terraform.io/hashicorp/aws\"]",
      "instances": [
        {
          "schema_version": 0,
          "attributes": {
            "architectures": [
              "x86_64"
            ],
            "arn": "arn:aws:lambda:us-east-1:721985306445:function:first_lambda_func",
            "code_signing_config_arn": "",
            "dead_letter_config": [],
            "description": "",
            "environment": [],
            "ephemeral_storage": [
              {
                "size": 512
              }
            ],
            "file_system_config": [],
            "filename": "modules/lambda/lambda_zip/first_lambda_func.zip",
            "function_name": "first_lambda_func",
            "handler": "index.lambda_handler",
            "id": "first_lambda_func",
            "image_config": [],
            "image_uri": "",
            "invoke_arn": "arn:aws:apigateway:us-east-1:lambda:path/2015-03-31/functions/arn:aws:lambda:us-east-1:721985306445:function:first_lambda_func/invocations",
            "kms_key_arn": "",
            "last_modified": "2023-10-30T05:06:19.197+0000",
            "layers": null,
            "memory_size": 128,
            "package_type": "Zip",
            "publish": false,
            "qualified_arn": "arn:aws:lambda:us-east-1:721985306445:function:first_lambda_func:$LATEST",
            "qualified_invoke_arn": "arn:aws:apigateway:us-east-1:lambda:path/2015-03-31/functions/arn:aws:lambda:us-east-1:721985306445:function:first_lambda_func:$LATEST/invocations",
            "replace_security_groups_on_destroy": null,
            "replacement_security_group_ids": null,
            "reserved_concurrent_executions": -1,
            "role": "arn:aws:iam::721985306445:role/lambda_assume_role",
            "runtime": "python3.9",
            "s3_bucket": null,
            "s3_key": null,
            "s3_object_version": null,
            "signing_job_arn": "",
            "signing_profile_version_arn": "",
            "skip_destroy": false,
            "snap_start": [],
            "source_code_hash": "l3+W3m1suqoAjVKhoibK5S/BHTd93J6fp0KA9whjBbU=",
            "source_code_size": 260,
            "tags": null,
            "tags_all": {},
            "timeout": 3,
            "timeouts": null,
            "tracing_config": [
              {
                "mode": "PassThrough"
              }
            ],
            "version": "$LATEST",
            "vpc_config": []
          },
          "sensitive_attributes": [],
          "private": "eyJlMmJmYjczMC1lY2FhLTExZTYtOGY4OC0zNDM2M2JjN2M0YzAiOnsiY3JlYXRlIjo2MDAwMDAwMDAwMDAsImRlbGV0ZSI6NjAwMDAwMDAwMDAwLCJ1cGRhdGUiOjYwMDAwMDAwMDAwMH19",
          "dependencies": [
            "module.first_lambda_func.data.archive_file.zip_the_python_code",
            "module.iam_roles_and_polices.aws_iam_policy.lambda_execution_policy",
            "module.iam_roles_and_polices.aws_iam_role.lambda_assume_role",
            "module.iam_roles_and_polices.aws_iam_role_policy_attachment.lambda_permissions"
          ],
          "create_before_destroy": true
        }
      ]
    },
    {
      "module": "module.iam_roles_and_polices",
      "mode": "managed",
      "type": "aws_iam_policy",
      "name": "lambda_execution_policy",
      "provider": "provider[\"registry.terraform.io/hashicorp/aws\"]",
      "instances": [
        {
          "schema_version": 0,
          "attributes": {
            "arn": "arn:aws:iam::721985306445:policy/lambda_execution_policy",
            "description": "AWS IAM Policy for managing aws lambda role",
            "id": "arn:aws:iam::721985306445:policy/lambda_execution_policy",
            "name": "lambda_execution_policy",
            "name_prefix": "",
            "path": "/",
            "policy": "{\"Statement\":[{\"Action\":[\"logs:CreateLogGroup\",\"logs:CreateLogStream\",\"logs:PutLogEvents\"],\"Effect\":\"Allow\",\"Resource\":\"arn:aws:logs:*:*:*\"}],\"Version\":\"2012-10-17\"}",
            "policy_id": "ANPA2QGNNP5GQMILE7ZWE",
            "tags": null,
            "tags_all": {}
          },
          "sensitive_attributes": [],
          "private": "bnVsbA==",
          "create_before_destroy": true
        }
      ]
    },
    {
      "module": "module.iam_roles_and_polices",
      "mode": "managed",
      "type": "aws_iam_role",
      "name": "lambda_assume_role",
      "provider": "provider[\"registry.terraform.io/hashicorp/aws\"]",
      "instances": [
        {
          "schema_version": 0,
          "attributes": {
            "arn": "arn:aws:iam::721985306445:role/lambda_assume_role",
            "assume_role_policy": "{\"Statement\":[{\"Action\":\"sts:AssumeRole\",\"Effect\":\"Allow\",\"Principal\":{\"Service\":\"lambda.amazonaws.com\"},\"Sid\":\"lambdaAssumeRole\"}],\"Version\":\"2012-10-17\"}",
            "create_date": "2023-10-30T05:06:01Z",
            "description": "",
            "force_detach_policies": false,
            "id": "lambda_assume_role",
            "inline_policy": [],
            "managed_policy_arns": [],
            "max_session_duration": 3600,
            "name": "lambda_assume_role",
            "name_prefix": "",
            "path": "/",
            "permissions_boundary": "",
            "tags": null,
            "tags_all": {},
            "unique_id": "AROA2QGNNP5GTZ7EDB7PS"
          },
          "sensitive_attributes": [],
          "private": "bnVsbA==",
          "create_before_destroy": true
        }
      ]
    },
    {
      "module": "module.iam_roles_and_polices",
      "mode": "managed",
      "type": "aws_iam_role_policy_attachment",
      "name": "lambda_permissions",
      "provider": "provider[\"registry.terraform.io/hashicorp/aws\"]",
      "instances": [
        {
          "schema_version": 0,
          "attributes": {
            "id": "lambda_assume_role-20231030050601631800000001",
            "policy_arn": "arn:aws:iam::721985306445:policy/lambda_execution_policy",
            "role": "lambda_assume_role"
          },
          "sensitive_attributes": [],
          "private": "bnVsbA==",
          "dependencies": [
            "module.iam_roles_and_polices.aws_iam_policy.lambda_execution_policy",
            "module.iam_roles_and_polices.aws_iam_role.lambda_assume_role"
          ],
          "create_before_destroy": true
        }
      ]
    },
    {
      "module": "module.rest_api",
      "mode": "data",
      "type": "aws_caller_identity",
      "name": "current",
      "provider": "provider[\"registry.terraform.io/hashicorp/aws\"]",
      "instances": [
        {
          "schema_version": 0,
          "attributes": {
            "account_id": "721985306445",
            "arn": "arn:aws:iam::721985306445:user/jp_console_programatic_access",
            "id": "721985306445",
            "user_id": "AIDA2QGNNP5G6TADMNPU2"
          },
          "sensitive_attributes": []
        }
      ]
    },
    {
      "module": "module.rest_api",
      "mode": "managed",
      "type": "aws_api_gateway_deployment",
      "name": "terraform_rest_api_deployment",
      "provider": "provider[\"registry.terraform.io/hashicorp/aws\"]",
      "instances": [
        {
          "schema_version": 0,
          "attributes": {
            "created_date": "2023-10-30T05:06:36Z",
            "description": "",
            "execution_arn": "arn:aws:execute-api:us-east-1:721985306445:enzv4nhsl3/v1",
            "id": "n8bpb6",
            "invoke_url": "https://enzv4nhsl3.execute-api.us-east-1.amazonaws.com/v1",
            "rest_api_id": "enzv4nhsl3",
            "stage_description": null,
            "stage_name": "v1",
            "triggers": {
              "redeployment": "fa07d5fadc2c3a0a5ff4dcebbd85bf650a64dece"
            },
            "variables": null
          },
          "sensitive_attributes": [],
          "private": "bnVsbA==",
          "dependencies": [
            "module.first_lambda_func.aws_lambda_function.lambda_func",
            "module.first_lambda_func.data.archive_file.zip_the_python_code",
            "module.iam_roles_and_polices.aws_iam_policy.lambda_execution_policy",
            "module.iam_roles_and_polices.aws_iam_role.lambda_assume_role",
            "module.iam_roles_and_polices.aws_iam_role_policy_attachment.lambda_permissions",
            "module.rest_api.aws_api_gateway_integration.lambda_integration_handler",
            "module.rest_api.aws_api_gateway_integration_response.IntegrationResponse",
            "module.rest_api.aws_api_gateway_method.test",
            "module.rest_api.aws_api_gateway_method_response.response_200",
            "module.rest_api.aws_api_gateway_resource.resource",
            "module.rest_api.aws_api_gateway_rest_api.terraform_rest_api",
            "module.second_lambda_func.aws_lambda_function.lambda_func",
            "module.second_lambda_func.data.archive_file.zip_the_python_code",
            "module.third_lambda_func.aws_lambda_function.lambda_func",
            "module.third_lambda_func.data.archive_file.zip_the_python_code"
          ],
          "create_before_destroy": true
        }
      ]
    },
    {
      "module": "module.rest_api",
      "mode": "managed",
      "type": "aws_api_gateway_integration",
      "name": "lambda_integration_handler",
      "provider": "provider[\"registry.terraform.io/hashicorp/aws\"]",
      "instances": [
        {
          "index_key": "res1_GET",
          "schema_version": 0,
          "attributes": {
            "cache_key_parameters": null,
            "cache_namespace": "scnhky",
            "connection_id": "",
            "connection_type": "INTERNET",
            "content_handling": "",
            "credentials": "",
            "http_method": "GET",
            "id": "agi-enzv4nhsl3-scnhky-GET",
            "integration_http_method": "POST",
            "passthrough_behavior": "WHEN_NO_MATCH",
            "request_parameters": null,
            "request_templates": null,
            "resource_id": "scnhky",
            "rest_api_id": "enzv4nhsl3",
            "timeout_milliseconds": 29000,
            "tls_config": [],
            "type": "AWS",
            "uri": "arn:aws:apigateway:us-east-1:lambda:path/2015-03-31/functions/arn:aws:lambda:us-east-1:721985306445:function:second_lambda_func/invocations"
          },
          "sensitive_attributes": [],
          "private": "bnVsbA==",
          "dependencies": [
            "module.first_lambda_func.aws_lambda_function.lambda_func",
            "module.first_lambda_func.data.archive_file.zip_the_python_code",
            "module.iam_roles_and_polices.aws_iam_policy.lambda_execution_policy",
            "module.iam_roles_and_polices.aws_iam_role.lambda_assume_role",
            "module.iam_roles_and_polices.aws_iam_role_policy_attachment.lambda_permissions",
            "module.rest_api.aws_api_gateway_method.test",
            "module.rest_api.aws_api_gateway_resource.resource",
            "module.rest_api.aws_api_gateway_rest_api.terraform_rest_api",
            "module.second_lambda_func.aws_lambda_function.lambda_func",
            "module.second_lambda_func.data.archive_file.zip_the_python_code",
            "module.third_lambda_func.aws_lambda_function.lambda_func",
            "module.third_lambda_func.data.archive_file.zip_the_python_code"
          ],
          "create_before_destroy": true
        },
        {
          "index_key": "res1_POST",
          "schema_version": 0,
          "attributes": {
            "cache_key_parameters": null,
            "cache_namespace": "scnhky",
            "connection_id": "",
            "connection_type": "INTERNET",
            "content_handling": "",
            "credentials": "",
            "http_method": "POST",
            "id": "agi-enzv4nhsl3-scnhky-POST",
            "integration_http_method": "POST",
            "passthrough_behavior": "WHEN_NO_MATCH",
            "request_parameters": null,
            "request_templates": null,
            "resource_id": "scnhky",
            "rest_api_id": "enzv4nhsl3",
            "timeout_milliseconds": 29000,
            "tls_config": [],
            "type": "AWS",
            "uri": "arn:aws:apigateway:us-east-1:lambda:path/2015-03-31/functions/arn:aws:lambda:us-east-1:721985306445:function:first_lambda_func/invocations"
          },
          "sensitive_attributes": [],
          "private": "bnVsbA==",
          "dependencies": [
            "module.first_lambda_func.aws_lambda_function.lambda_func",
            "module.first_lambda_func.data.archive_file.zip_the_python_code",
            "module.iam_roles_and_polices.aws_iam_policy.lambda_execution_policy",
            "module.iam_roles_and_polices.aws_iam_role.lambda_assume_role",
            "module.iam_roles_and_polices.aws_iam_role_policy_attachment.lambda_permissions",
            "module.rest_api.aws_api_gateway_method.test",
            "module.rest_api.aws_api_gateway_resource.resource",
            "module.rest_api.aws_api_gateway_rest_api.terraform_rest_api",
            "module.second_lambda_func.aws_lambda_function.lambda_func",
            "module.second_lambda_func.data.archive_file.zip_the_python_code",
            "module.third_lambda_func.aws_lambda_function.lambda_func",
            "module.third_lambda_func.data.archive_file.zip_the_python_code"
          ],
          "create_before_destroy": true
        },
        {
          "index_key": "res2_POST",
          "schema_version": 0,
          "attributes": {
            "cache_key_parameters": null,
            "cache_namespace": "1rlyy9",
            "connection_id": "",
            "connection_type": "INTERNET",
            "content_handling": "",
            "credentials": "",
            "http_method": "POST",
            "id": "agi-enzv4nhsl3-1rlyy9-POST",
            "integration_http_method": "POST",
            "passthrough_behavior": "WHEN_NO_MATCH",
            "request_parameters": null,
            "request_templates": null,
            "resource_id": "1rlyy9",
            "rest_api_id": "enzv4nhsl3",
            "timeout_milliseconds": 29000,
            "tls_config": [],
            "type": "AWS",
            "uri": "arn:aws:apigateway:us-east-1:lambda:path/2015-03-31/functions/arn:aws:lambda:us-east-1:721985306445:function:third_lambda_func/invocations"
          },
          "sensitive_attributes": [],
          "private": "bnVsbA==",
          "dependencies": [
            "module.first_lambda_func.aws_lambda_function.lambda_func",
            "module.first_lambda_func.data.archive_file.zip_the_python_code",
            "module.iam_roles_and_polices.aws_iam_policy.lambda_execution_policy",
            "module.iam_roles_and_polices.aws_iam_role.lambda_assume_role",
            "module.iam_roles_and_polices.aws_iam_role_policy_attachment.lambda_permissions",
            "module.rest_api.aws_api_gateway_method.test",
            "module.rest_api.aws_api_gateway_resource.resource",
            "module.rest_api.aws_api_gateway_rest_api.terraform_rest_api",
            "module.second_lambda_func.aws_lambda_function.lambda_func",
            "module.second_lambda_func.data.archive_file.zip_the_python_code",
            "module.third_lambda_func.aws_lambda_function.lambda_func",
            "module.third_lambda_func.data.archive_file.zip_the_python_code"
          ],
          "create_before_destroy": true
        }
      ]
    },
    {
      "module": "module.rest_api",
      "mode": "managed",
      "type": "aws_api_gateway_integration_response",
      "name": "IntegrationResponse",
      "provider": "provider[\"registry.terraform.io/hashicorp/aws\"]",
      "instances": [
        {
          "index_key": "res1_GET",
          "schema_version": 0,
          "attributes": {
            "content_handling": "",
            "http_method": "GET",
            "id": "agir-enzv4nhsl3-scnhky-GET-200",
            "resource_id": "scnhky",
            "response_parameters": null,
            "response_templates": {
              "application/json": ""
            },
            "rest_api_id": "enzv4nhsl3",
            "selection_pattern": "",
            "status_code": "200"
          },
          "sensitive_attributes": [],
          "private": "bnVsbA==",
          "dependencies": [
            "module.first_lambda_func.aws_lambda_function.lambda_func",
            "module.first_lambda_func.data.archive_file.zip_the_python_code",
            "module.iam_roles_and_polices.aws_iam_policy.lambda_execution_policy",
            "module.iam_roles_and_polices.aws_iam_role.lambda_assume_role",
            "module.iam_roles_and_polices.aws_iam_role_policy_attachment.lambda_permissions",
            "module.rest_api.aws_api_gateway_integration.lambda_integration_handler",
            "module.rest_api.aws_api_gateway_method.test",
            "module.rest_api.aws_api_gateway_method_response.response_200",
            "module.rest_api.aws_api_gateway_resource.resource",
            "module.rest_api.aws_api_gateway_rest_api.terraform_rest_api",
            "module.second_lambda_func.aws_lambda_function.lambda_func",
            "module.second_lambda_func.data.archive_file.zip_the_python_code",
            "module.third_lambda_func.aws_lambda_function.lambda_func",
            "module.third_lambda_func.data.archive_file.zip_the_python_code"
          ],
          "create_before_destroy": true
        },
        {
          "index_key": "res1_POST",
          "schema_version": 0,
          "attributes": {
            "content_handling": "",
            "http_method": "POST",
            "id": "agir-enzv4nhsl3-scnhky-POST-200",
            "resource_id": "scnhky",
            "response_parameters": null,
            "response_templates": {
              "application/json": ""
            },
            "rest_api_id": "enzv4nhsl3",
            "selection_pattern": "",
            "status_code": "200"
          },
          "sensitive_attributes": [],
          "private": "bnVsbA==",
          "dependencies": [
            "module.first_lambda_func.aws_lambda_function.lambda_func",
            "module.first_lambda_func.data.archive_file.zip_the_python_code",
            "module.iam_roles_and_polices.aws_iam_policy.lambda_execution_policy",
            "module.iam_roles_and_polices.aws_iam_role.lambda_assume_role",
            "module.iam_roles_and_polices.aws_iam_role_policy_attachment.lambda_permissions",
            "module.rest_api.aws_api_gateway_integration.lambda_integration_handler",
            "module.rest_api.aws_api_gateway_method.test",
            "module.rest_api.aws_api_gateway_method_response.response_200",
            "module.rest_api.aws_api_gateway_resource.resource",
            "module.rest_api.aws_api_gateway_rest_api.terraform_rest_api",
            "module.second_lambda_func.aws_lambda_function.lambda_func",
            "module.second_lambda_func.data.archive_file.zip_the_python_code",
            "module.third_lambda_func.aws_lambda_function.lambda_func",
            "module.third_lambda_func.data.archive_file.zip_the_python_code"
          ],
          "create_before_destroy": true
        },
        {
          "index_key": "res2_POST",
          "schema_version": 0,
          "attributes": {
            "content_handling": "",
            "http_method": "POST",
            "id": "agir-enzv4nhsl3-1rlyy9-POST-200",
            "resource_id": "1rlyy9",
            "response_parameters": null,
            "response_templates": {
              "application/json": ""
            },
            "rest_api_id": "enzv4nhsl3",
            "selection_pattern": "",
            "status_code": "200"
          },
          "sensitive_attributes": [],
          "private": "bnVsbA==",
          "dependencies": [
            "module.first_lambda_func.aws_lambda_function.lambda_func",
            "module.first_lambda_func.data.archive_file.zip_the_python_code",
            "module.iam_roles_and_polices.aws_iam_policy.lambda_execution_policy",
            "module.iam_roles_and_polices.aws_iam_role.lambda_assume_role",
            "module.iam_roles_and_polices.aws_iam_role_policy_attachment.lambda_permissions",
            "module.rest_api.aws_api_gateway_integration.lambda_integration_handler",
            "module.rest_api.aws_api_gateway_method.test",
            "module.rest_api.aws_api_gateway_method_response.response_200",
            "module.rest_api.aws_api_gateway_resource.resource",
            "module.rest_api.aws_api_gateway_rest_api.terraform_rest_api",
            "module.second_lambda_func.aws_lambda_function.lambda_func",
            "module.second_lambda_func.data.archive_file.zip_the_python_code",
            "module.third_lambda_func.aws_lambda_function.lambda_func",
            "module.third_lambda_func.data.archive_file.zip_the_python_code"
          ],
          "create_before_destroy": true
        }
      ]
    },
    {
      "module": "module.rest_api",
      "mode": "managed",
      "type": "aws_api_gateway_method",
      "name": "test",
      "provider": "provider[\"registry.terraform.io/hashicorp/aws\"]",
      "instances": [
        {
          "index_key": "res1_GET",
          "schema_version": 0,
          "attributes": {
            "api_key_required": false,
            "authorization": "NONE",
            "authorization_scopes": null,
            "authorizer_id": null,
            "http_method": "GET",
            "id": "agm-enzv4nhsl3-scnhky-GET",
            "operation_name": null,
            "request_models": null,
            "request_parameters": null,
            "request_validator_id": null,
            "resource_id": "scnhky",
            "rest_api_id": "enzv4nhsl3"
          },
          "sensitive_attributes": [],
          "private": "bnVsbA==",
          "dependencies": [
            "module.first_lambda_func.aws_lambda_function.lambda_func",
            "module.first_lambda_func.data.archive_file.zip_the_python_code",
            "module.iam_roles_and_polices.aws_iam_policy.lambda_execution_policy",
            "module.iam_roles_and_polices.aws_iam_role.lambda_assume_role",
            "module.iam_roles_and_polices.aws_iam_role_policy_attachment.lambda_permissions",
            "module.rest_api.aws_api_gateway_resource.resource",
            "module.rest_api.aws_api_gateway_rest_api.terraform_rest_api",
            "module.second_lambda_func.aws_lambda_function.lambda_func",
            "module.second_lambda_func.data.archive_file.zip_the_python_code",
            "module.third_lambda_func.aws_lambda_function.lambda_func",
            "module.third_lambda_func.data.archive_file.zip_the_python_code"
          ],
          "create_before_destroy": true
        },
        {
          "index_key": "res1_POST",
          "schema_version": 0,
          "attributes": {
            "api_key_required": false,
            "authorization": "NONE",
            "authorization_scopes": null,
            "authorizer_id": null,
            "http_method": "POST",
            "id": "agm-enzv4nhsl3-scnhky-POST",
            "operation_name": null,
            "request_models": null,
            "request_parameters": null,
            "request_validator_id": null,
            "resource_id": "scnhky",
            "rest_api_id": "enzv4nhsl3"
          },
          "sensitive_attributes": [],
          "private": "bnVsbA==",
          "dependencies": [
            "module.first_lambda_func.aws_lambda_function.lambda_func",
            "module.first_lambda_func.data.archive_file.zip_the_python_code",
            "module.iam_roles_and_polices.aws_iam_policy.lambda_execution_policy",
            "module.iam_roles_and_polices.aws_iam_role.lambda_assume_role",
            "module.iam_roles_and_polices.aws_iam_role_policy_attachment.lambda_permissions",
            "module.rest_api.aws_api_gateway_resource.resource",
            "module.rest_api.aws_api_gateway_rest_api.terraform_rest_api",
            "module.second_lambda_func.aws_lambda_function.lambda_func",
            "module.second_lambda_func.data.archive_file.zip_the_python_code",
            "module.third_lambda_func.aws_lambda_function.lambda_func",
            "module.third_lambda_func.data.archive_file.zip_the_python_code"
          ],
          "create_before_destroy": true
        },
        {
          "index_key": "res2_POST",
          "schema_version": 0,
          "attributes": {
            "api_key_required": false,
            "authorization": "NONE",
            "authorization_scopes": null,
            "authorizer_id": null,
            "http_method": "POST",
            "id": "agm-enzv4nhsl3-1rlyy9-POST",
            "operation_name": null,
            "request_models": null,
            "request_parameters": null,
            "request_validator_id": null,
            "resource_id": "1rlyy9",
            "rest_api_id": "enzv4nhsl3"
          },
          "sensitive_attributes": [],
          "private": "bnVsbA==",
          "dependencies": [
            "module.first_lambda_func.aws_lambda_function.lambda_func",
            "module.first_lambda_func.data.archive_file.zip_the_python_code",
            "module.iam_roles_and_polices.aws_iam_policy.lambda_execution_policy",
            "module.iam_roles_and_polices.aws_iam_role.lambda_assume_role",
            "module.iam_roles_and_polices.aws_iam_role_policy_attachment.lambda_permissions",
            "module.rest_api.aws_api_gateway_resource.resource",
            "module.rest_api.aws_api_gateway_rest_api.terraform_rest_api",
            "module.second_lambda_func.aws_lambda_function.lambda_func",
            "module.second_lambda_func.data.archive_file.zip_the_python_code",
            "module.third_lambda_func.aws_lambda_function.lambda_func",
            "module.third_lambda_func.data.archive_file.zip_the_python_code"
          ],
          "create_before_destroy": true
        }
      ]
    },
    {
      "module": "module.rest_api",
      "mode": "managed",
      "type": "aws_api_gateway_method_response",
      "name": "response_200",
      "provider": "provider[\"registry.terraform.io/hashicorp/aws\"]",
      "instances": [
        {
          "index_key": "res1_GET",
          "schema_version": 0,
          "attributes": {
            "http_method": "GET",
            "id": "agmr-enzv4nhsl3-scnhky-GET-200",
            "resource_id": "scnhky",
            "response_models": {
              "application/json": "Empty"
            },
            "response_parameters": null,
            "rest_api_id": "enzv4nhsl3",
            "status_code": "200"
          },
          "sensitive_attributes": [],
          "private": "bnVsbA==",
          "dependencies": [
            "module.first_lambda_func.aws_lambda_function.lambda_func",
            "module.first_lambda_func.data.archive_file.zip_the_python_code",
            "module.iam_roles_and_polices.aws_iam_policy.lambda_execution_policy",
            "module.iam_roles_and_polices.aws_iam_role.lambda_assume_role",
            "module.iam_roles_and_polices.aws_iam_role_policy_attachment.lambda_permissions",
            "module.rest_api.aws_api_gateway_method.test",
            "module.rest_api.aws_api_gateway_resource.resource",
            "module.rest_api.aws_api_gateway_rest_api.terraform_rest_api",
            "module.second_lambda_func.aws_lambda_function.lambda_func",
            "module.second_lambda_func.data.archive_file.zip_the_python_code",
            "module.third_lambda_func.aws_lambda_function.lambda_func",
            "module.third_lambda_func.data.archive_file.zip_the_python_code"
          ],
          "create_before_destroy": true
        },
        {
          "index_key": "res1_POST",
          "schema_version": 0,
          "attributes": {
            "http_method": "POST",
            "id": "agmr-enzv4nhsl3-scnhky-POST-200",
            "resource_id": "scnhky",
            "response_models": {
              "application/json": "Empty"
            },
            "response_parameters": null,
            "rest_api_id": "enzv4nhsl3",
            "status_code": "200"
          },
          "sensitive_attributes": [],
          "private": "bnVsbA==",
          "dependencies": [
            "module.first_lambda_func.aws_lambda_function.lambda_func",
            "module.first_lambda_func.data.archive_file.zip_the_python_code",
            "module.iam_roles_and_polices.aws_iam_policy.lambda_execution_policy",
            "module.iam_roles_and_polices.aws_iam_role.lambda_assume_role",
            "module.iam_roles_and_polices.aws_iam_role_policy_attachment.lambda_permissions",
            "module.rest_api.aws_api_gateway_method.test",
            "module.rest_api.aws_api_gateway_resource.resource",
            "module.rest_api.aws_api_gateway_rest_api.terraform_rest_api",
            "module.second_lambda_func.aws_lambda_function.lambda_func",
            "module.second_lambda_func.data.archive_file.zip_the_python_code",
            "module.third_lambda_func.aws_lambda_function.lambda_func",
            "module.third_lambda_func.data.archive_file.zip_the_python_code"
          ],
          "create_before_destroy": true
        },
        {
          "index_key": "res2_POST",
          "schema_version": 0,
          "attributes": {
            "http_method": "POST",
            "id": "agmr-enzv4nhsl3-1rlyy9-POST-200",
            "resource_id": "1rlyy9",
            "response_models": {
              "application/json": "Empty"
            },
            "response_parameters": null,
            "rest_api_id": "enzv4nhsl3",
            "status_code": "200"
          },
          "sensitive_attributes": [],
          "private": "bnVsbA==",
          "dependencies": [
            "module.first_lambda_func.aws_lambda_function.lambda_func",
            "module.first_lambda_func.data.archive_file.zip_the_python_code",
            "module.iam_roles_and_polices.aws_iam_policy.lambda_execution_policy",
            "module.iam_roles_and_polices.aws_iam_role.lambda_assume_role",
            "module.iam_roles_and_polices.aws_iam_role_policy_attachment.lambda_permissions",
            "module.rest_api.aws_api_gateway_method.test",
            "module.rest_api.aws_api_gateway_resource.resource",
            "module.rest_api.aws_api_gateway_rest_api.terraform_rest_api",
            "module.second_lambda_func.aws_lambda_function.lambda_func",
            "module.second_lambda_func.data.archive_file.zip_the_python_code",
            "module.third_lambda_func.aws_lambda_function.lambda_func",
            "module.third_lambda_func.data.archive_file.zip_the_python_code"
          ],
          "create_before_destroy": true
        }
      ]
    },
    {
      "module": "module.rest_api",
      "mode": "managed",
      "type": "aws_api_gateway_resource",
      "name": "resource",
      "provider": "provider[\"registry.terraform.io/hashicorp/aws\"]",
      "instances": [
        {
          "index_key": "res1",
          "schema_version": 0,
          "attributes": {
            "id": "scnhky",
            "parent_id": "sp78jeera3",
            "path": "/res1",
            "path_part": "res1",
            "rest_api_id": "enzv4nhsl3"
          },
          "sensitive_attributes": [],
          "private": "bnVsbA==",
          "dependencies": [
            "module.first_lambda_func.aws_lambda_function.lambda_func",
            "module.first_lambda_func.data.archive_file.zip_the_python_code",
            "module.iam_roles_and_polices.aws_iam_policy.lambda_execution_policy",
            "module.iam_roles_and_polices.aws_iam_role.lambda_assume_role",
            "module.iam_roles_and_polices.aws_iam_role_policy_attachment.lambda_permissions",
            "module.rest_api.aws_api_gateway_rest_api.terraform_rest_api",
            "module.second_lambda_func.aws_lambda_function.lambda_func",
            "module.second_lambda_func.data.archive_file.zip_the_python_code",
            "module.third_lambda_func.aws_lambda_function.lambda_func",
            "module.third_lambda_func.data.archive_file.zip_the_python_code"
          ],
          "create_before_destroy": true
        },
        {
          "index_key": "res2",
          "schema_version": 0,
          "attributes": {
            "id": "1rlyy9",
            "parent_id": "sp78jeera3",
            "path": "/res2",
            "path_part": "res2",
            "rest_api_id": "enzv4nhsl3"
          },
          "sensitive_attributes": [],
          "private": "bnVsbA==",
          "dependencies": [
            "module.first_lambda_func.aws_lambda_function.lambda_func",
            "module.first_lambda_func.data.archive_file.zip_the_python_code",
            "module.iam_roles_and_polices.aws_iam_policy.lambda_execution_policy",
            "module.iam_roles_and_polices.aws_iam_role.lambda_assume_role",
            "module.iam_roles_and_polices.aws_iam_role_policy_attachment.lambda_permissions",
            "module.rest_api.aws_api_gateway_rest_api.terraform_rest_api",
            "module.second_lambda_func.aws_lambda_function.lambda_func",
            "module.second_lambda_func.data.archive_file.zip_the_python_code",
            "module.third_lambda_func.aws_lambda_function.lambda_func",
            "module.third_lambda_func.data.archive_file.zip_the_python_code"
          ],
          "create_before_destroy": true
        }
      ]
    },
    {
      "module": "module.rest_api",
      "mode": "managed",
      "type": "aws_api_gateway_rest_api",
      "name": "terraform_rest_api",
      "provider": "provider[\"registry.terraform.io/hashicorp/aws\"]",
      "instances": [
        {
          "schema_version": 0,
          "attributes": {
            "api_key_source": "HEADER",
            "arn": "arn:aws:apigateway:us-east-1::/restapis/enzv4nhsl3",
            "binary_media_types": [],
            "body": null,
            "created_date": "2023-10-30T05:06:33Z",
            "description": "sample api to test",
            "disable_execute_api_endpoint": false,
            "endpoint_configuration": [
              {
                "types": [
                  "EDGE"
                ],
                "vpc_endpoint_ids": []
              }
            ],
            "execution_arn": "arn:aws:execute-api:us-east-1:721985306445:enzv4nhsl3",
            "fail_on_warnings": null,
            "id": "enzv4nhsl3",
            "minimum_compression_size": "",
            "name": "test_api",
            "parameters": null,
            "policy": "",
            "put_rest_api_mode": null,
            "root_resource_id": "sp78jeera3",
            "tags": null,
            "tags_all": {}
          },
          "sensitive_attributes": [],
          "private": "bnVsbA==",
          "dependencies": [
            "module.first_lambda_func.aws_lambda_function.lambda_func",
            "module.first_lambda_func.data.archive_file.zip_the_python_code",
            "module.iam_roles_and_polices.aws_iam_policy.lambda_execution_policy",
            "module.iam_roles_and_polices.aws_iam_role.lambda_assume_role",
            "module.iam_roles_and_polices.aws_iam_role_policy_attachment.lambda_permissions",
            "module.second_lambda_func.aws_lambda_function.lambda_func",
            "module.second_lambda_func.data.archive_file.zip_the_python_code",
            "module.third_lambda_func.aws_lambda_function.lambda_func",
            "module.third_lambda_func.data.archive_file.zip_the_python_code"
          ],
          "create_before_destroy": true
        }
      ]
    },
    {
      "module": "module.rest_api",
      "mode": "managed",
      "type": "aws_lambda_permission",
      "name": "lambda_permission",
      "provider": "provider[\"registry.terraform.io/hashicorp/aws\"]",
      "instances": [
        {
          "index_key": "first_lambda_func",
          "schema_version": 0,
          "attributes": {
            "action": "lambda:InvokeFunction",
            "event_source_token": null,
            "function_name": "arn:aws:lambda:us-east-1:721985306445:function:first_lambda_func",
            "function_url_auth_type": null,
            "id": "AllowExecutionFromAPIGateway",
            "principal": "apigateway.amazonaws.com",
            "principal_org_id": null,
            "qualifier": "",
            "source_account": null,
            "source_arn": "arn:aws:execute-api:us-east-1:721985306445:enzv4nhsl3/*",
            "statement_id": "AllowExecutionFromAPIGateway",
            "statement_id_prefix": ""
          },
          "sensitive_attributes": [],
          "private": "bnVsbA==",
          "dependencies": [
            "module.first_lambda_func.aws_lambda_function.lambda_func",
            "module.first_lambda_func.data.archive_file.zip_the_python_code",
            "module.iam_roles_and_polices.aws_iam_policy.lambda_execution_policy",
            "module.iam_roles_and_polices.aws_iam_role.lambda_assume_role",
            "module.iam_roles_and_polices.aws_iam_role_policy_attachment.lambda_permissions",
            "module.rest_api.aws_api_gateway_rest_api.terraform_rest_api",
            "module.rest_api.data.aws_caller_identity.current",
            "module.second_lambda_func.aws_lambda_function.lambda_func",
            "module.second_lambda_func.data.archive_file.zip_the_python_code",
            "module.third_lambda_func.aws_lambda_function.lambda_func",
            "module.third_lambda_func.data.archive_file.zip_the_python_code"
          ]
        },
        {
          "index_key": "second_lambda_func",
          "schema_version": 0,
          "attributes": {
            "action": "lambda:InvokeFunction",
            "event_source_token": null,
            "function_name": "arn:aws:lambda:us-east-1:721985306445:function:second_lambda_func",
            "function_url_auth_type": null,
            "id": "AllowExecutionFromAPIGateway",
            "principal": "apigateway.amazonaws.com",
            "principal_org_id": null,
            "qualifier": "",
            "source_account": null,
            "source_arn": "arn:aws:execute-api:us-east-1:721985306445:enzv4nhsl3/*",
            "statement_id": "AllowExecutionFromAPIGateway",
            "statement_id_prefix": ""
          },
          "sensitive_attributes": [],
          "private": "bnVsbA==",
          "dependencies": [
            "module.first_lambda_func.aws_lambda_function.lambda_func",
            "module.first_lambda_func.data.archive_file.zip_the_python_code",
            "module.iam_roles_and_polices.aws_iam_policy.lambda_execution_policy",
            "module.iam_roles_and_polices.aws_iam_role.lambda_assume_role",
            "module.iam_roles_and_polices.aws_iam_role_policy_attachment.lambda_permissions",
            "module.rest_api.aws_api_gateway_rest_api.terraform_rest_api",
            "module.rest_api.data.aws_caller_identity.current",
            "module.second_lambda_func.aws_lambda_function.lambda_func",
            "module.second_lambda_func.data.archive_file.zip_the_python_code",
            "module.third_lambda_func.aws_lambda_function.lambda_func",
            "module.third_lambda_func.data.archive_file.zip_the_python_code"
          ]
        },
        {
          "index_key": "third_lambda_func",
          "schema_version": 0,
          "attributes": {
            "action": "lambda:InvokeFunction",
            "event_source_token": null,
            "function_name": "arn:aws:lambda:us-east-1:721985306445:function:third_lambda_func",
            "function_url_auth_type": null,
            "id": "AllowExecutionFromAPIGateway",
            "principal": "apigateway.amazonaws.com",
            "principal_org_id": null,
            "qualifier": "",
            "source_account": null,
            "source_arn": "arn:aws:execute-api:us-east-1:721985306445:enzv4nhsl3/*",
            "statement_id": "AllowExecutionFromAPIGateway",
            "statement_id_prefix": ""
          },
          "sensitive_attributes": [],
          "private": "bnVsbA==",
          "dependencies": [
            "module.first_lambda_func.aws_lambda_function.lambda_func",
            "module.first_lambda_func.data.archive_file.zip_the_python_code",
            "module.iam_roles_and_polices.aws_iam_policy.lambda_execution_policy",
            "module.iam_roles_and_polices.aws_iam_role.lambda_assume_role",
            "module.iam_roles_and_polices.aws_iam_role_policy_attachment.lambda_permissions",
            "module.rest_api.aws_api_gateway_rest_api.terraform_rest_api",
            "module.rest_api.data.aws_caller_identity.current",
            "module.second_lambda_func.aws_lambda_function.lambda_func",
            "module.second_lambda_func.data.archive_file.zip_the_python_code",
            "module.third_lambda_func.aws_lambda_function.lambda_func",
            "module.third_lambda_func.data.archive_file.zip_the_python_code"
          ]
        }
      ]
    },
    {
      "module": "module.second_lambda_func",
      "mode": "data",
      "type": "archive_file",
      "name": "zip_the_python_code",
      "provider": "provider[\"registry.terraform.io/hashicorp/archive\"]",
      "instances": [
        {
          "schema_version": 0,
          "attributes": {
            "exclude_symlink_directories": null,
            "excludes": null,
            "id": "e5fab52fc2a9c4bc116f41f04a3a4ab816375a72",
            "output_base64sha256": "QuwC3BX17bBpL4VWXmqPflVW0HNYd+2kq9bwMAkm86w=",
            "output_base64sha512": "xL1o5ZLSad7BDi5L59wMD/guWvNYxBXFnVBp5TJJfemWdsW7oN7JS7+DWj/eOmjqhy9ZvV86c1J28Dp+yR6Tlw==",
            "output_file_mode": null,
            "output_md5": "a0931bf36bd20067cc4c4ac91a3c0d84",
            "output_path": "modules/lambda/lambda_zip/second_lambda_func.zip",
            "output_sha": "e5fab52fc2a9c4bc116f41f04a3a4ab816375a72",
            "output_sha256": "42ec02dc15f5edb0692f85565e6a8f7e5556d0735877eda4abd6f0300926f3ac",
            "output_sha512": "c4bd68e592d269dec10e2e4be7dc0c0ff82e5af358c415c59d5069e532497de99676c5bba0dec94bbf835a3fde3a68ea872f59bd5f3a735276f03a7ec91e9397",
            "output_size": 265,
            "source": [],
            "source_content": null,
            "source_content_filename": null,
            "source_dir": "modules/lambda/lambda_code/second_lambda_func/",
            "source_file": null,
            "type": "zip"
          },
          "sensitive_attributes": []
        }
      ]
    },
    {
      "module": "module.second_lambda_func",
      "mode": "managed",
      "type": "aws_lambda_function",
      "name": "lambda_func",
      "provider": "provider[\"registry.terraform.io/hashicorp/aws\"]",
      "instances": [
        {
          "schema_version": 0,
          "attributes": {
            "architectures": [
              "x86_64"
            ],
            "arn": "arn:aws:lambda:us-east-1:721985306445:function:second_lambda_func",
            "code_signing_config_arn": "",
            "dead_letter_config": [],
            "description": "",
            "environment": [],
            "ephemeral_storage": [
              {
                "size": 512
              }
            ],
            "file_system_config": [],
            "filename": "modules/lambda/lambda_zip/second_lambda_func.zip",
            "function_name": "second_lambda_func",
            "handler": "index.lambda_handler",
            "id": "second_lambda_func",
            "image_config": [],
            "image_uri": "",
            "invoke_arn": "arn:aws:apigateway:us-east-1:lambda:path/2015-03-31/functions/arn:aws:lambda:us-east-1:721985306445:function:second_lambda_func/invocations",
            "kms_key_arn": "",
            "last_modified": "2023-10-30T05:06:25.888+0000",
            "layers": null,
            "memory_size": 128,
            "package_type": "Zip",
            "publish": false,
            "qualified_arn": "arn:aws:lambda:us-east-1:721985306445:function:second_lambda_func:$LATEST",
            "qualified_invoke_arn": "arn:aws:apigateway:us-east-1:lambda:path/2015-03-31/functions/arn:aws:lambda:us-east-1:721985306445:function:second_lambda_func:$LATEST/invocations",
            "replace_security_groups_on_destroy": null,
            "replacement_security_group_ids": null,
            "reserved_concurrent_executions": -1,
            "role": "arn:aws:iam::721985306445:role/lambda_assume_role",
            "runtime": "python3.9",
            "s3_bucket": null,
            "s3_key": null,
            "s3_object_version": null,
            "signing_job_arn": "",
            "signing_profile_version_arn": "",
            "skip_destroy": false,
            "snap_start": [],
            "source_code_hash": "QuwC3BX17bBpL4VWXmqPflVW0HNYd+2kq9bwMAkm86w=",
            "source_code_size": 265,
            "tags": null,
            "tags_all": {},
            "timeout": 3,
            "timeouts": null,
            "tracing_config": [
              {
                "mode": "PassThrough"
              }
            ],
            "version": "$LATEST",
            "vpc_config": []
          },
          "sensitive_attributes": [],
          "private": "eyJlMmJmYjczMC1lY2FhLTExZTYtOGY4OC0zNDM2M2JjN2M0YzAiOnsiY3JlYXRlIjo2MDAwMDAwMDAwMDAsImRlbGV0ZSI6NjAwMDAwMDAwMDAwLCJ1cGRhdGUiOjYwMDAwMDAwMDAwMH19",
          "dependencies": [
            "module.iam_roles_and_polices.aws_iam_policy.lambda_execution_policy",
            "module.iam_roles_and_polices.aws_iam_role.lambda_assume_role",
            "module.iam_roles_and_polices.aws_iam_role_policy_attachment.lambda_permissions",
            "module.second_lambda_func.data.archive_file.zip_the_python_code"
          ],
          "create_before_destroy": true
        }
      ]
    },
    {
      "module": "module.third_lambda_func",
      "mode": "data",
      "type": "archive_file",
      "name": "zip_the_python_code",
      "provider": "provider[\"registry.terraform.io/hashicorp/archive\"]",
      "instances": [
        {
          "schema_version": 0,
          "attributes": {
            "exclude_symlink_directories": null,
            "excludes": null,
            "id": "e5fab52fc2a9c4bc116f41f04a3a4ab816375a72",
            "output_base64sha256": "QuwC3BX17bBpL4VWXmqPflVW0HNYd+2kq9bwMAkm86w=",
            "output_base64sha512": "xL1o5ZLSad7BDi5L59wMD/guWvNYxBXFnVBp5TJJfemWdsW7oN7JS7+DWj/eOmjqhy9ZvV86c1J28Dp+yR6Tlw==",
            "output_file_mode": null,
            "output_md5": "a0931bf36bd20067cc4c4ac91a3c0d84",
            "output_path": "modules/lambda/lambda_zip/third_lambda_func.zip",
            "output_sha": "e5fab52fc2a9c4bc116f41f04a3a4ab816375a72",
            "output_sha256": "42ec02dc15f5edb0692f85565e6a8f7e5556d0735877eda4abd6f0300926f3ac",
            "output_sha512": "c4bd68e592d269dec10e2e4be7dc0c0ff82e5af358c415c59d5069e532497de99676c5bba0dec94bbf835a3fde3a68ea872f59bd5f3a735276f03a7ec91e9397",
            "output_size": 265,
            "source": [],
            "source_content": null,
            "source_content_filename": null,
            "source_dir": "modules/lambda/lambda_code/third_lambda_func/",
            "source_file": null,
            "type": "zip"
          },
          "sensitive_attributes": []
        }
      ]
    },
    {
      "module": "module.third_lambda_func",
      "mode": "managed",
      "type": "aws_lambda_function",
      "name": "lambda_func",
      "provider": "provider[\"registry.terraform.io/hashicorp/aws\"]",
      "instances": [
        {
          "schema_version": 0,
          "attributes": {
            "architectures": [
              "x86_64"
            ],
            "arn": "arn:aws:lambda:us-east-1:721985306445:function:third_lambda_func",
            "code_signing_config_arn": "",
            "dead_letter_config": [],
            "description": "",
            "environment": [],
            "ephemeral_storage": [
              {
                "size": 512
              }
            ],
            "file_system_config": [],
            "filename": "modules/lambda/lambda_zip/third_lambda_func.zip",
            "function_name": "third_lambda_func",
            "handler": "index.lambda_handler",
            "id": "third_lambda_func",
            "image_config": [],
            "image_uri": "",
            "invoke_arn": "arn:aws:apigateway:us-east-1:lambda:path/2015-03-31/functions/arn:aws:lambda:us-east-1:721985306445:function:third_lambda_func/invocations",
            "kms_key_arn": "",
            "last_modified": "2023-10-30T05:06:12.524+0000",
            "layers": null,
            "memory_size": 128,
            "package_type": "Zip",
            "publish": false,
            "qualified_arn": "arn:aws:lambda:us-east-1:721985306445:function:third_lambda_func:$LATEST",
            "qualified_invoke_arn": "arn:aws:apigateway:us-east-1:lambda:path/2015-03-31/functions/arn:aws:lambda:us-east-1:721985306445:function:third_lambda_func:$LATEST/invocations",
            "replace_security_groups_on_destroy": null,
            "replacement_security_group_ids": null,
            "reserved_concurrent_executions": -1,
            "role": "arn:aws:iam::721985306445:role/lambda_assume_role",
            "runtime": "python3.9",
            "s3_bucket": null,
            "s3_key": null,
            "s3_object_version": null,
            "signing_job_arn": "",
            "signing_profile_version_arn": "",
            "skip_destroy": false,
            "snap_start": [],
            "source_code_hash": "QuwC3BX17bBpL4VWXmqPflVW0HNYd+2kq9bwMAkm86w=",
            "source_code_size": 265,
            "tags": null,
            "tags_all": {},
            "timeout": 3,
            "timeouts": null,
            "tracing_config": [
              {
                "mode": "PassThrough"
              }
            ],
            "version": "$LATEST",
            "vpc_config": []
          },
          "sensitive_attributes": [],
          "private": "eyJlMmJmYjczMC1lY2FhLTExZTYtOGY4OC0zNDM2M2JjN2M0YzAiOnsiY3JlYXRlIjo2MDAwMDAwMDAwMDAsImRlbGV0ZSI6NjAwMDAwMDAwMDAwLCJ1cGRhdGUiOjYwMDAwMDAwMDAwMH19",
          "dependencies": [
            "module.iam_roles_and_polices.aws_iam_policy.lambda_execution_policy",
            "module.iam_roles_and_polices.aws_iam_role.lambda_assume_role",
            "module.iam_roles_and_polices.aws_iam_role_policy_attachment.lambda_permissions",
            "module.third_lambda_func.data.archive_file.zip_the_python_code"
          ],
          "create_before_destroy": true
        }
      ]
    }
  ],
  "check_results": null
}
